{
  "name": "cyberslop",
  "version": "0.1.0-SNAPSHOT",
  "lockfileVersion": 3,
  "requires": true,
  "packages": {
    "": {
      "name": "cyberslop",
      "version": "0.1.0-SNAPSHOT",
      "workspaces": [
        "packages/cyberslop",
        "packages/cyberslop-test"
      ],
      "devDependencies": {}
    },
    "node_modules/cyberslop": {
      "resolved": "packages/cyberslop",
      "link": true
    },
    "node_modules/cyberslop-test": {
      "resolved": "packages/cyberslop-test",
      "link": true
    },
    "packages/cyberslop": {
      "version": "0.1.0-SNAPSHOT",
      "devDependencies": {}
    },
    "packages/cyberslop-test": {
      "version": "0.1.0-SNAPSHOT",
      "devDependencies": {}
    }
  }
}
